
Microsoft Visual Studio Solution File, Format Version 12.00
# Visual Studio Version 16
VisualStudioVersion = 16.0.31729.503
MinimumVisualStudioVersion = 10.0.40219.1
Project("{9A19103F-16F7-4668-BE54-9A1E7A4F7556}") = "GaoDing.Sdk", "GaoDing.Sdk\GaoDing.Sdk.csproj", "{04E677DE-C995-4E6B-831A-29CCECF5BF51}"
EndProject
Project("{9A19103F-16F7-4668-BE54-9A1E7A4F7556}") = "GaoDing.Sdk.Test", "GaoDing.Sdk.Test\GaoDing.Sdk.Test.csproj", "{AD7690A9-7CD0-43C4-B6F1-DD66A8EDED5F}"
EndProject
Global
	GlobalSection(SolutionConfigurationPlatforms) = preSolution
		Debug|Any CPU = Debug|Any CPU
		Release|Any CPU = Release|Any CPU
	EndGlobalSection
	GlobalSection(ProjectConfigurationPlatforms) = postSolution
		{04E677DE-C995-4E6B-831A-29CCECF5BF51}.Debug|Any CPU.ActiveCfg = Debug|Any CPU
		{04E677DE-C995-4E6B-831A-29CCECF5BF51}.Debug|Any CPU.Build.0 = Debug|Any CPU
		{04E677DE-C995-4E6B-831A-29CCECF5BF51}.Release|Any CPU.ActiveCfg = Release|Any CPU
		{04E677DE-C995-4E6B-831A-29CCECF5BF51}.Release|Any CPU.Build.0 = Release|Any CPU
		{AD7690A9-7CD0-43C4-B6F1-DD66A8EDED5F}.Debug|Any CPU.ActiveCfg = Debug|Any CPU
		{AD7690A9-7CD0-43C4-B6F1-DD66A8EDED5F}.Debug|Any CPU.Build.0 = Debug|Any CPU
		{AD7690A9-7CD0-43C4-B6F1-DD66A8EDED5F}.Release|Any CPU.ActiveCfg = Release|Any CPU
		{AD7690A9-7CD0-43C4-B6F1-DD66A8EDED5F}.Release|Any CPU.Build.0 = Release|Any CPU
	EndGlobalSection
	GlobalSection(SolutionProperties) = preSolution
		HideSolutionNode = FALSE
	EndGlobalSection
	GlobalSection(ExtensibilityGlobals) = postSolution
		SolutionGuid = {ECB2C451-AA50-496D-B82B-CCF95B429FBF}
	EndGlobalSection
EndGlobal
